// !$*UTF8*$!
{
	archiveVersion = 1;
	classes = {
	};
	objectVersion = 50;
	objects = {

/* Begin PBXBuildFile section */
		DD51E89224BDBB0C002F5DB5 /* Model.swift in Sources */ = {isa = PBXBuildFile; fileRef = DD51E89124BDBB0C002F5DB5 /* Model.swift */; };
		DDA000C124BDB4FC0016E49C /* AppDelegate.swift in Sources */ = {isa = PBXBuildFile; fileRef = DDA000C024BDB4FC0016E49C /* AppDelegate.swift */; };
		DDA000C324BDB4FC0016E49C /* SceneDelegate.swift in Sources */ = {isa = PBXBuildFile; fileRef = DDA000C224BDB4FC0016E49C /* SceneDelegate.swift */; };
		DDA000C524BDB4FC0016E49C /* HomeController.swift in Sources */ = {isa = PBXBuildFile; fileRef = DDA000C424BDB4FC0016E49C /* HomeController.swift */; };
		DDA000CA24BDB5090016E49C /* Assets.xcassets in Resources */ = {isa = PBXBuildFile; fileRef = DDA000C924BDB5090016E49C /* Assets.xcassets */; };
		DDA000CD24BDB5090016E49C /* LaunchScreen.storyboard in Resources */ = {isa = PBXBuildFile; fileRef = DDA000CB24BDB5090016E49C /* LaunchScreen.storyboard */; };
		DDA000D824BDB50A0016E49C /* GitHubTests.swift in Sources */ = {isa = PBXBuildFile; fileRef = DDA000D724BDB50A0016E49C /* GitHubTests.swift */; };
/* End PBXBuildFile section */

/* Begin PBXContainerItemProxy section */
		DDA000D424BDB50A0016E49C /* PBXContainerItemProxy */ = {
			isa = PBXContainerItemProxy;
			containerPortal = DDA000B524BDB4FB0016E49C /* Project object */;
			proxyType = 1;
			remoteGlobalIDString = DDA000BC24BDB4FC0016E49C;
			remoteInfo = GitHub;
		};
/* End PBXContainerItemProxy section */

/* Begin PBXFileReference section */
		DD51E89124BDBB0C002F5DB5 /* Model.swift */ = {isa = PBXFileReference; lastKnownFileType = sourcecode.swift; path = Model.swift; sourceTree = "<group>"; };
		DDA000BD24BDB4FC0016E49C /* GitHub.app */ = {isa = PBXFileReference; explicitFileType = wrapper.application; includeInIndex = 0; path = GitHub.app; sourceTree = BUILT_PRODUCTS_DIR; };
		DDA000C024BDB4FC0016E49C /* AppDelegate.swift */ = {isa = PBXFileReference; lastKnownFileType = sourcecode.swift; path = AppDelegate.swift; sourceTree = "<group>"; };
		DDA000C224BDB4FC0016E49C /* SceneDelegate.swift */ = {isa = PBXFileReference; lastKnownFileType = sourcecode.swift; path = SceneDelegate.swift; sourceTree = "<group>"; };
		DDA000C424BDB4FC0016E49C /* HomeController.swift */ = {isa = PBXFileReference; lastKnownFileType = sourcecode.swift; path = HomeController.swift; sourceTree = "<group>"; };
		DDA000C924BDB5090016E49C /* Assets.xcassets */ = {isa = PBXFileReference; lastKnownFileType = folder.assetcatalog; path = Assets.xcassets; sourceTree = "<group>"; };
		DDA000CC24BDB5090016E49C /* Base */ = {isa = PBXFileReference; lastKnownFileType = file.storyboard; name = Base; path = Base.lproj/LaunchScreen.storyboard; sourceTree = "<group>"; };
		DDA000CE24BDB5090016E49C /* Info.plist */ = {isa = PBXFileReference; lastKnownFileType = text.plist.xml; path = Info.plist; sourceTree = "<group>"; };
		DDA000D324BDB50A0016E49C /* GitHubTests.xctest */ = {isa = PBXFileReference; explicitFileType = wrapper.cfbundle; includeInIndex = 0; path = GitHubTests.xctest; sourceTree = BUILT_PRODUCTS_DIR; };
		DDA000D724BDB50A0016E49C /* GitHubTests.swift */ = {isa = PBXFileReference; lastKnownFileType = sourcecode.swift; path = GitHubTests.swift; sourceTree = "<group>"; };
		DDA000D924BDB50A0016E49C /* Info.plist */ = {isa = PBXFileReference; lastKnownFileType = text.plist.xml; path = Info.plist; sourceTree = "<group>"; };
/* End PBXFileReference section */

/* Begin PBXFrameworksBuildPhase section */
		DDA000BA24BDB4FC0016E49C /* Frameworks */ = {
			isa = PBXFrameworksBuildPhase;
			buildActionMask = 2147483647;
			files = (
			);
			runOnlyForDeploymentPostprocessing = 0;
		};
		DDA000D024BDB50A0016E49C /* Frameworks */ = {
			isa = PBXFrameworksBuildPhase;
			buildActionMask = 2147483647;
			files = (
			);
			runOnlyForDeploymentPostprocessing = 0;
		};
/* End PBXFrameworksBuildPhase section */

/* Begin PBXGroup section */
		DD51E89024BDBADC002F5DB5 /* Protocol */ = {
			isa = PBXGroup;
			children = (
				DD51E89124BDBB0C002F5DB5 /* Model.swift */,
			);
			path = Protocol;
			sourceTree = "<group>";
		};
		DDA000B424BDB4FB0016E49C = {
			isa = PBXGroup;
			children = (
				DDA000BF24BDB4FC0016E49C /* GitHub */,
				DDA000D624BDB50A0016E49C /* GitHubTests */,
				DDA000BE24BDB4FC0016E49C /* Products */,
			);
			sourceTree = "<group>";
		};
		DDA000BE24BDB4FC0016E49C /* Products */ = {
			isa = PBXGroup;
			children = (
				DDA000BD24BDB4FC0016E49C /* GitHub.app */,
				DDA000D324BDB50A0016E49C /* GitHubTests.xctest */,
			);
			name = Products;
			sourceTree = "<group>";
		};
		DDA000BF24BDB4FC0016E49C /* GitHub */ = {
			isa = PBXGroup;
			children = (
				DDA000E224BDB5B60016E49C /* Resource */,
				DDA000E424BDB7520016E49C /* Source */,
				DDA000E324BDB5CB0016E49C /* Supporting Files */,
			);
			path = GitHub;
			sourceTree = "<group>";
		};
		DDA000D624BDB50A0016E49C /* GitHubTests */ = {
			isa = PBXGroup;
			children = (
				DDA000D724BDB50A0016E49C /* GitHubTests.swift */,
				DDA000D924BDB50A0016E49C /* Info.plist */,
			);
			path = GitHubTests;
			sourceTree = "<group>";
		};
		DDA000E224BDB5B60016E49C /* Resource */ = {
			isa = PBXGroup;
			children = (
				DDA000C924BDB5090016E49C /* Assets.xcassets */,
			);
			path = Resource;
			sourceTree = "<group>";
		};
		DDA000E324BDB5CB0016E49C /* Supporting Files */ = {
			isa = PBXGroup;
			children = (
				DDA000CE24BDB5090016E49C /* Info.plist */,
			);
			path = "Supporting Files";
			sourceTree = "<group>";
		};
		DDA000E424BDB7520016E49C /* Source */ = {
			isa = PBXGroup;
			children = (
				DDA000E524BDB7680016E49C /* App */,
				DDA000E624BDB78A0016E49C /* Core */,
				DDA000E724BDB7A40016E49C /* Data */,
				DD51E89024BDBADC002F5DB5 /* Protocol */,
			);
			path = Source;
			sourceTree = "<group>";
		};
		DDA000E524BDB7680016E49C /* App */ = {
			isa = PBXGroup;
			children = (
				DDA000EF24BDB85B0016E49C /* Global */,
				DDA000EB24BDB7EB0016E49C /* Screens */,
			);
			path = App;
			sourceTree = "<group>";
		};
		DDA000E624BDB78A0016E49C /* Core */ = {
			isa = PBXGroup;
			children = (
				DDA000E824BDB7C20016E49C /* ViewModel */,
			);
			path = Core;
			sourceTree = "<group>";
		};
		DDA000E724BDB7A40016E49C /* Data */ = {
			isa = PBXGroup;
			children = (
				DDA000E924BDB7CD0016E49C /* Model */,
				DDA000EA24BDB7D60016E49C /* Service */,
			);
			path = Data;
			sourceTree = "<group>";
		};
		DDA000E824BDB7C20016E49C /* ViewModel */ = {
			isa = PBXGroup;
			children = (
			);
			path = ViewModel;
			sourceTree = "<group>";
		};
		DDA000E924BDB7CD0016E49C /* Model */ = {
			isa = PBXGroup;
			children = (
			);
			path = Model;
			sourceTree = "<group>";
		};
		DDA000EA24BDB7D60016E49C /* Service */ = {
			isa = PBXGroup;
			children = (
			);
			path = Service;
			sourceTree = "<group>";
		};
		DDA000EB24BDB7EB0016E49C /* Screens */ = {
			isa = PBXGroup;
			children = (
				DDA000ED24BDB80A0016E49C /* Home */,
				DDA000EC24BDB7F70016E49C /* LaunchScreen */,
			);
			path = Screens;
			sourceTree = "<group>";
		};
		DDA000EC24BDB7F70016E49C /* LaunchScreen */ = {
			isa = PBXGroup;
			children = (
				DDA000CB24BDB5090016E49C /* LaunchScreen.storyboard */,
			);
			path = LaunchScreen;
			sourceTree = "<group>";
		};
		DDA000ED24BDB80A0016E49C /* Home */ = {
			isa = PBXGroup;
			children = (
				DDA000EE24BDB8120016E49C /* ViewController */,
			);
			path = Home;
			sourceTree = "<group>";
		};
		DDA000EE24BDB8120016E49C /* ViewController */ = {
			isa = PBXGroup;
			children = (
				DDA000C424BDB4FC0016E49C /* HomeController.swift */,
			);
			path = ViewController;
			sourceTree = "<group>";
		};
		DDA000EF24BDB85B0016E49C /* Global */ = {
			isa = PBXGroup;
			children = (
				DDA000C024BDB4FC0016E49C /* AppDelegate.swift */,
				DDA000C224BDB4FC0016E49C /* SceneDelegate.swift */,
			);
			path = Global;
			sourceTree = "<group>";
		};
/* End PBXGroup section */

/* Begin PBXNativeTarget section */
		DDA000BC24BDB4FC0016E49C /* GitHub */ = {
			isa = PBXNativeTarget;
			buildConfigurationList = DDA000DC24BDB50A0016E49C /* Build configuration list for PBXNativeTarget "GitHub" */;
			buildPhases = (
				DDA000B924BDB4FC0016E49C /* Sources */,
				DDA000BA24BDB4FC0016E49C /* Frameworks */,
				DDA000BB24BDB4FC0016E49C /* Resources */,
			);
			buildRules = (
			);
			dependencies = (
			);
			name = GitHub;
			productName = GitHub;
			productReference = DDA000BD24BDB4FC0016E49C /* GitHub.app */;
			productType = "com.apple.product-type.application";
		};
		DDA000D224BDB50A0016E49C /* GitHubTests */ = {
			isa = PBXNativeTarget;
			buildConfigurationList = DDA000DF24BDB50A0016E49C /* Build configuration list for PBXNativeTarget "GitHubTests" */;
			buildPhases = (
				DDA000CF24BDB50A0016E49C /* Sources */,
				DDA000D024BDB50A0016E49C /* Frameworks */,
				DDA000D124BDB50A0016E49C /* Resources */,
			);
			buildRules = (
			);
			dependencies = (
				DDA000D524BDB50A0016E49C /* PBXTargetDependency */,
			);
			name = GitHubTests;
			productName = GitHubTests;
			productReference = DDA000D324BDB50A0016E49C /* GitHubTests.xctest */;
			productType = "com.apple.product-type.bundle.unit-test";
		};
/* End PBXNativeTarget section */

/* Begin PBXProject section */
		DDA000B524BDB4FB0016E49C /* Project object */ = {
			isa = PBXProject;
			attributes = {
				LastSwiftUpdateCheck = 1150;
				LastUpgradeCheck = 1150;
				ORGANIZATIONNAME = "Onyekachi Ezeoke";
				TargetAttributes = {
					DDA000BC24BDB4FC0016E49C = {
						CreatedOnToolsVersion = 11.5;
					};
					DDA000D224BDB50A0016E49C = {
						CreatedOnToolsVersion = 11.5;
						TestTargetID = DDA000BC24BDB4FC0016E49C;
					};
				};
			};
			buildConfigurationList = DDA000B824BDB4FB0016E49C /* Build configuration list for PBXProject "GitHub" */;
			compatibilityVersion = "Xcode 9.3";
			developmentRegion = en;
			hasScannedForEncodings = 0;
			knownRegions = (
				en,
				Base,
			);
			mainGroup = DDA000B424BDB4FB0016E49C;
			productRefGroup = DDA000BE24BDB4FC0016E49C /* Products */;
			projectDirPath = "";
			projectRoot = "";
			targets = (
				DDA000BC24BDB4FC0016E49C /* GitHub */,
				DDA000D224BDB50A0016E49C /* GitHubTests */,
			);
		};
/* End PBXProject section */

/* Begin PBXResourcesBuildPhase section */
		DDA000BB24BDB4FC0016E49C /* Resources */ = {
			isa = PBXResourcesBuildPhase;
			buildActionMask = 2147483647;
			files = (
				DDA000CD24BDB5090016E49C /* LaunchScreen.storyboard in Resources */,
				DDA000CA24BDB5090016E49C /* Assets.xcassets in Resources */,
			);
			runOnlyForDeploymentPostprocessing = 0;
		};
		DDA000D124BDB50A0016E49C /* Resources */ = {
			isa = PBXResourcesBuildPhase;
			buildActionMask = 2147483647;
			files = (
			);
			runOnlyForDeploymentPostprocessing = 0;
		};
/* End PBXResourcesBuildPhase section */

/* Begin PBXSourcesBuildPhase section */
		DDA000B924BDB4FC0016E49C /* Sources */ = {
			isa = PBXSourcesBuildPhase;
			buildActionMask = 2147483647;
			files = (
				DDA000C524BDB4FC0016E49C /* HomeController.swift in Sources */,
				DDA000C124BDB4FC0016E49C /* AppDelegate.swift in Sources */,
				DDA000C324BDB4FC0016E49C /* SceneDelegate.swift in Sources */,
				DD51E89224BDBB0C002F5DB5 /* Model.swift in Sources */,
			);
			runOnlyForDeploymentPostprocessing = 0;
		};
		DDA000CF24BDB50A0016E49C /* Sources */ = {
			isa = PBXSourcesBuildPhase;
			buildActionMask = 2147483647;
			files = (
				DDA000D824BDB50A0016E49C /* GitHubTests.swift in Sources */,
			);
			runOnlyForDeploymentPostprocessing = 0;
		};
/* End PBXSourcesBuildPhase section */

/* Begin PBXTargetDependency section */
		DDA000D524BDB50A0016E49C /* PBXTargetDependency */ = {
			isa = PBXTargetDependency;
			target = DDA000BC24BDB4FC0016E49C /* GitHub */;
			targetProxy = DDA000D424BDB50A0016E49C /* PBXContainerItemProxy */;
		};
/* End PBXTargetDependency section */

/* Begin PBXVariantGroup section */
		DDA000CB24BDB5090016E49C /* LaunchScreen.storyboard */ = {
			isa = PBXVariantGroup;
			children = (
				DDA000CC24BDB5090016E49C /* Base */,
			);
			name = LaunchScreen.storyboard;
			sourceTree = "<group>";
		};
/* End PBXVariantGroup section */

/* Begin XCBuildConfiguration section */
		DDA000DA24BDB50A0016E49C /* Debug */ = {
			isa = XCBuildConfiguration;
			buildSettings = {
				ALWAYS_SEARCH_USER_PATHS = NO;
				CLANG_ANALYZER_NONNULL = YES;
				CLANG_ANALYZER_NUMBER_OBJECT_CONVERSION = YES_AGGRESSIVE;
				CLANG_CXX_LANGUAGE_STANDARD = "gnu++14";
				CLANG_CXX_LIBRARY = "libc++";
				CLANG_ENABLE_MODULES = YES;
				CLANG_ENABLE_OBJC_ARC = YES;
				CLANG_ENABLE_OBJC_WEAK = YES;
				CLANG_WARN_BLOCK_CAPTURE_AUTORELEASING = YES;
				CLANG_WARN_BOOL_CONVERSION = YES;
				CLANG_WARN_COMMA = YES;
				CLANG_WARN_CONSTANT_CONVERSION = YES;
				CLANG_WARN_DEPRECATED_OBJC_IMPLEMENTATIONS = YES;
				CLANG_WARN_DIRECT_OBJC_ISA_USAGE = YES_ERROR;
				CLANG_WARN_DOCUMENTATION_COMMENTS = YES;
				CLANG_WARN_EMPTY_BODY = YES;
				CLANG_WARN_ENUM_CONVERSION = YES;
				CLANG_WARN_INFINITE_RECURSION = YES;
				CLANG_WARN_INT_CONVERSION = YES;
				CLANG_WARN_NON_LITERAL_NULL_CONVERSION = YES;
				CLANG_WARN_OBJC_IMPLICIT_RETAIN_SELF = YES;
				CLANG_WARN_OBJC_LITERAL_CONVERSION = YES;
				CLANG_WARN_OBJC_ROOT_CLASS = YES_ERROR;
				CLANG_WARN_RANGE_LOOP_ANALYSIS = YES;
				CLANG_WARN_STRICT_PROTOTYPES = YES;
				CLANG_WARN_SUSPICIOUS_MOVE = YES;
				CLANG_WARN_UNGUARDED_AVAILABILITY = YES_AGGRESSIVE;
				CLANG_WARN_UNREACHABLE_CODE = YES;
				CLANG_WARN__DUPLICATE_METHOD_MATCH = YES;
				COPY_PHASE_STRIP = NO;
				DEBUG_INFORMATION_FORMAT = dwarf;
				ENABLE_STRICT_OBJC_MSGSEND = YES;
				ENABLE_TESTABILITY = YES;
				GCC_C_LANGUAGE_STANDARD = gnu11;
				GCC_DYNAMIC_NO_PIC = NO;
				GCC_NO_COMMON_BLOCKS = YES;
				GCC_OPTIMIZATION_LEVEL = 0;
				GCC_PREPROCESSOR_DEFINITIONS = (
					"DEBUG=1",
					"$(inherited)",
				);
				GCC_WARN_64_TO_32_BIT_CONVERSION = YES;
				GCC_WARN_ABOUT_RETURN_TYPE = YES_ERROR;
				GCC_WARN_UNDECLARED_SELECTOR = YES;
				GCC_WARN_UNINITIALIZED_AUTOS = YES_AGGRESSIVE;
				GCC_WARN_UNUSED_FUNCTION = YES;
				GCC_WARN_UNUSED_VARIABLE = YES;
				IPHONEOS_DEPLOYMENT_TARGET = 13.5;
				MTL_ENABLE_DEBUG_INFO = INCLUDE_SOURCE;
				MTL_FAST_MATH = YES;
				ONLY_ACTIVE_ARCH = YES;
				SDKROOT = iphoneos;
				SWIFT_ACTIVE_COMPILATION_CONDITIONS = DEBUG;
				SWIFT_OPTIMIZATION_LEVEL = "-Onone";
			};
			name = Debug;
		};
		DDA000DB24BDB50A0016E49C /* Release */ = {
			isa = XCBuildConfiguration;
			buildSettings = {
				ALWAYS_SEARCH_USER_PATHS = NO;
				CLANG_ANALYZER_NONNULL = YES;
				CLANG_ANALYZER_NUMBER_OBJECT_CONVERSION = YES_AGGRESSIVE;
				CLANG_CXX_LANGUAGE_STANDARD = "gnu++14";
				CLANG_CXX_LIBRARY = "libc++";
				CLANG_ENABLE_MODULES = YES;
				CLANG_ENABLE_OBJC_ARC = YES;
				CLANG_ENABLE_OBJC_WEAK = YES;
				CLANG_WARN_BLOCK_CAPTURE_AUTORELEASING = YES;
				CLANG_WARN_BOOL_CONVERSION = YES;
				CLANG_WARN_COMMA = YES;
				CLANG_WARN_CONSTANT_CONVERSION = YES;
				CLANG_WARN_DEPRECATED_OBJC_IMPLEMENTATIONS = YES;
				CLANG_WARN_DIRECT_OBJC_ISA_USAGE = YES_ERROR;
				CLANG_WARN_DOCUMENTATION_COMMENTS = YES;
				CLANG_WARN_EMPTY_BODY = YES;
				CLANG_WARN_ENUM_CONVERSION = YES;
				CLANG_WARN_INFINITE_RECURSION = YES;
				CLANG_WARN_INT_CONVERSION = YES;
				CLANG_WARN_NON_LITERAL_NULL_CONVERSION = YES;
				CLANG_WARN_OBJC_IMPLICIT_RETAIN_SELF = YES;
				CLANG_WARN_OBJC_LITERAL_CONVERSION = YES;
				CLANG_WARN_OBJC_ROOT_CLASS = YES_ERROR;
				CLANG_WARN_RANGE_LOOP_ANALYSIS = YES;
				CLANG_WARN_STRICT_PROTOTYPES = YES;
				CLANG_WARN_SUSPICIOUS_MOVE = YES;
				CLANG_WARN_UNGUARDED_AVAILABILITY = YES_AGGRESSIVE;
				CLANG_WARN_UNREACHABLE_CODE = YES;
				CLANG_WARN__DUPLICATE_METHOD_MATCH = YES;
				COPY_PHASE_STRIP = NO;
				DEBUG_INFORMATION_FORMAT = "dwarf-with-dsym";
				ENABLE_NS_ASSERTIONS = NO;
				ENABLE_STRICT_OBJC_MSGSEND = YES;
				GCC_C_LANGUAGE_STANDARD = gnu11;
				GCC_NO_COMMON_BLOCKS = YES;
				GCC_WARN_64_TO_32_BIT_CONVERSION = YES;
				GCC_WARN_ABOUT_RETURN_TYPE = YES_ERROR;
				GCC_WARN_UNDECLARED_SELECTOR = YES;
				GCC_WARN_UNINITIALIZED_AUTOS = YES_AGGRESSIVE;
				GCC_WARN_UNUSED_FUNCTION = YES;
				GCC_WARN_UNUSED_VARIABLE = YES;
				IPHONEOS_DEPLOYMENT_TARGET = 13.5;
				MTL_ENABLE_DEBUG_INFO = NO;
				MTL_FAST_MATH = YES;
				SDKROOT = iphoneos;
				SWIFT_COMPILATION_MODE = wholemodule;
				SWIFT_OPTIMIZATION_LEVEL = "-O";
				VALIDATE_PRODUCT = YES;
			};
			name = Release;
		};
		DDA000DD24BDB50A0016E49C /* Debug */ = {
			isa = XCBuildConfiguration;
			buildSettings = {
				ASSETCATALOG_COMPILER_APPICON_NAME = AppIcon;
				CODE_SIGN_STYLE = Automatic;
				DEVELOPMENT_TEAM = YT3VFVK232;
				INFOPLIST_FILE = "GitHub/Supporting Files/Info.plist";
				LD_RUNPATH_SEARCH_PATHS = (
					"$(inherited)",
					"@executable_path/Frameworks",
				);
				PRODUCT_BUNDLE_IDENTIFIER = me.swiftnuggets.GitHub;
				PRODUCT_NAME = "$(TARGET_NAME)";
				SWIFT_VERSION = 5.0;
				TARGETED_DEVICE_FAMILY = 1;
			};
			name = Debug;
		};
		DDA000DE24BDB50A0016E49C /* Release */ = {
			isa = XCBuildConfiguration;
			buildSettings = {
				ASSETCATALOG_COMPILER_APPICON_NAME = AppIcon;
				CODE_SIGN_STYLE = Automatic;
				DEVELOPMENT_TEAM = YT3VFVK232;
				INFOPLIST_FILE = "GitHub/Supporting Files/Info.plist";
				LD_RUNPATH_SEARCH_PATHS = (
					"$(inherited)",
					"@executable_path/Frameworks",
				);
				PRODUCT_BUNDLE_IDENTIFIER = me.swiftnuggets.GitHub;
				PRODUCT_NAME = "$(TARGET_NAME)";
				SWIFT_VERSION = 5.0;
				TARGETED_DEVICE_FAMILY = 1;
			};
			name = Release;
		};
		DDA000E024BDB50A0016E49C /* Debug */ = {
			isa = XCBuildConfiguration;
			buildSettings = {
				ALWAYS_EMBED_SWIFT_STANDARD_LIBRARIES = YES;
				BUNDLE_LOADER = "$(TEST_HOST)";
				CODE_SIGN_STYLE = Automatic;
				DEVELOPMENT_TEAM = YT3VFVK232;
				INFOPLIST_FILE = "GitHubTests/Supporting Files/Info.plist";
				IPHONEOS_DEPLOYMENT_TARGET = 13.5;
				LD_RUNPATH_SEARCH_PATHS = (
					"$(inherited)",
					"@executable_path/Frameworks",
					"@loader_path/Frameworks",
				);
				PRODUCT_BUNDLE_IDENTIFIER = me.swiftnuggets.GitHubTests;
				PRODUCT_NAME = "$(TARGET_NAME)";
				SWIFT_VERSION = 5.0;
				TARGETED_DEVICE_FAMILY = "1,2";
				TEST_HOST = "$(BUILT_PRODUCTS_DIR)/GitHub.app/GitHub";
			};
			name = Debug;
		};
		DDA000E124BDB50A0016E49C /* Release */ = {
			isa = XCBuildConfiguration;
			buildSettings = {
				ALWAYS_EMBED_SWIFT_STANDARD_LIBRARIES = YES;
				BUNDLE_LOADER = "$(TEST_HOST)";
				CODE_SIGN_STYLE = Automatic;
				DEVELOPMENT_TEAM = YT3VFVK232;
				INFOPLIST_FILE = "GitHubTests/Supporting Files/Info.plist";
				IPHONEOS_DEPLOYMENT_TARGET = 13.5;
				LD_RUNPATH_SEARCH_PATHS = (
					"$(inherited)",
					"@executable_path/Frameworks",
					"@loader_path/Frameworks",
				);
				PRODUCT_BUNDLE_IDENTIFIER = me.swiftnuggets.GitHubTests;
				PRODUCT_NAME = "$(TARGET_NAME)";
				SWIFT_VERSION = 5.0;
				TARGETED_DEVICE_FAMILY = "1,2";
				TEST_HOST = "$(BUILT_PRODUCTS_DIR)/GitHub.app/GitHub";
			};
			name = Release;
		};
/* End XCBuildConfiguration section */

/* Begin XCConfigurationList section */
		DDA000B824BDB4FB0016E49C /* Build configuration list for PBXProject "GitHub" */ = {
			isa = XCConfigurationList;
			buildConfigurations = (
				DDA000DA24BDB50A0016E49C /* Debug */,
				DDA000DB24BDB50A0016E49C /* Release */,
			);
			defaultConfigurationIsVisible = 0;
			defaultConfigurationName = Release;
		};
		DDA000DC24BDB50A0016E49C /* Build configuration list for PBXNativeTarget "GitHub" */ = {
			isa = XCConfigurationList;
			buildConfigurations = (
				DDA000DD24BDB50A0016E49C /* Debug */,
				DDA000DE24BDB50A0016E49C /* Release */,
			);
			defaultConfigurationIsVisible = 0;
			defaultConfigurationName = Release;
		};
		DDA000DF24BDB50A0016E49C /* Build configuration list for PBXNativeTarget "GitHubTests" */ = {
			isa = XCConfigurationList;
			buildConfigurations = (
				DDA000E024BDB50A0016E49C /* Debug */,
				DDA000E124BDB50A0016E49C /* Release */,
			);
			defaultConfigurationIsVisible = 0;
			defaultConfigurationName = Release;
		};
/* End XCConfigurationList section */
	};
	rootObject = DDA000B524BDB4FB0016E49C /* Project object */;
}
